// !$*UTF8*$!
{
	archiveVersion = 1;
	classes = {
	};
	objectVersion = 46;
	objects = {

/* Begin PBXBuildFile section */
		6E6094731B69F8F60018DB0E /* SimpleTimer.m in Sources */ = {isa = PBXBuildFile; fileRef = 6E6094721B69F8F60018DB0E /* SimpleTimer.m */; };
		6E6094781B6A229B0018DB0E /* RuntimeTests.m in Sources */ = {isa = PBXBuildFile; fileRef = 6E6094771B6A229B0018DB0E /* RuntimeTests.m */; };
		6E8E44E21B675E73006C45F5 /* main.m in Sources */ = {isa = PBXBuildFile; fileRef = 6E8E44E11B675E73006C45F5 /* main.m */; };
		6E8E44E51B675E73006C45F5 /* AppDelegate.m in Sources */ = {isa = PBXBuildFile; fileRef = 6E8E44E41B675E73006C45F5 /* AppDelegate.m */; };
		6E8E44E81B675E73006C45F5 /* VisualTestings.xcdatamodeld in Sources */ = {isa = PBXBuildFile; fileRef = 6E8E44E61B675E73006C45F5 /* VisualTestings.xcdatamodeld */; };
		6E8E44EB1B675E73006C45F5 /* ViewController.m in Sources */ = {isa = PBXBuildFile; fileRef = 6E8E44EA1B675E73006C45F5 /* ViewController.m */; };
		6E8E44EE1B675E73006C45F5 /* Main.storyboard in Resources */ = {isa = PBXBuildFile; fileRef = 6E8E44EC1B675E73006C45F5 /* Main.storyboard */; };
		6E8E44F01B675E73006C45F5 /* Images.xcassets in Resources */ = {isa = PBXBuildFile; fileRef = 6E8E44EF1B675E73006C45F5 /* Images.xcassets */; };
		6E8E44F31B675E73006C45F5 /* LaunchScreen.xib in Resources */ = {isa = PBXBuildFile; fileRef = 6E8E44F11B675E73006C45F5 /* LaunchScreen.xib */; };
		6E8E450A1B67AAE2006C45F5 /* GradientLayer.m in Sources */ = {isa = PBXBuildFile; fileRef = 6E8E45091B67AAE2006C45F5 /* GradientLayer.m */; };
		6E8E450D1B68A68E006C45F5 /* CorneredView.m in Sources */ = {isa = PBXBuildFile; fileRef = 6E8E450C1B68A68E006C45F5 /* CorneredView.m */; };
/* End PBXBuildFile section */

/* Begin PBXFileReference section */
		6E6094711B69F8F60018DB0E /* SimpleTimer.h */ = {isa = PBXFileReference; fileEncoding = 4; lastKnownFileType = sourcecode.c.h; name = SimpleTimer.h; path = SimpleTimer/SimpleTimer.h; sourceTree = "<group>"; };
		6E6094721B69F8F60018DB0E /* SimpleTimer.m */ = {isa = PBXFileReference; fileEncoding = 4; lastKnownFileType = sourcecode.c.objc; name = SimpleTimer.m; path = SimpleTimer/SimpleTimer.m; sourceTree = "<group>"; };
		6E6094761B6A229B0018DB0E /* RuntimeTests.h */ = {isa = PBXFileReference; fileEncoding = 4; lastKnownFileType = sourcecode.c.h; name = RuntimeTests.h; path = RuntimeTests/RuntimeTests.h; sourceTree = "<group>"; };
		6E6094771B6A229B0018DB0E /* RuntimeTests.m */ = {isa = PBXFileReference; fileEncoding = 4; lastKnownFileType = sourcecode.c.objc; name = RuntimeTests.m; path = RuntimeTests/RuntimeTests.m; sourceTree = "<group>"; };
		6E8E44DC1B675E73006C45F5 /* VisualTestings.app */ = {isa = PBXFileReference; explicitFileType = wrapper.application; includeInIndex = 0; path = VisualTestings.app; sourceTree = BUILT_PRODUCTS_DIR; };
		6E8E44E01B675E73006C45F5 /* Info.plist */ = {isa = PBXFileReference; lastKnownFileType = text.plist.xml; path = Info.plist; sourceTree = "<group>"; };
		6E8E44E11B675E73006C45F5 /* main.m */ = {isa = PBXFileReference; lastKnownFileType = sourcecode.c.objc; path = main.m; sourceTree = "<group>"; };
		6E8E44E31B675E73006C45F5 /* AppDelegate.h */ = {isa = PBXFileReference; lastKnownFileType = sourcecode.c.h; path = AppDelegate.h; sourceTree = "<group>"; };
		6E8E44E41B675E73006C45F5 /* AppDelegate.m */ = {isa = PBXFileReference; lastKnownFileType = sourcecode.c.objc; path = AppDelegate.m; sourceTree = "<group>"; };
		6E8E44E71B675E73006C45F5 /* VisualTestings.xcdatamodel */ = {isa = PBXFileReference; lastKnownFileType = wrapper.xcdatamodel; path = VisualTestings.xcdatamodel; sourceTree = "<group>"; };
		6E8E44E91B675E73006C45F5 /* ViewController.h */ = {isa = PBXFileReference; lastKnownFileType = sourcecode.c.h; path = ViewController.h; sourceTree = "<group>"; };
		6E8E44EA1B675E73006C45F5 /* ViewController.m */ = {isa = PBXFileReference; lastKnownFileType = sourcecode.c.objc; path = ViewController.m; sourceTree = "<group>"; };
		6E8E44ED1B675E73006C45F5 /* Base */ = {isa = PBXFileReference; lastKnownFileType = file.storyboard; name = Base; path = Base.lproj/Main.storyboard; sourceTree = "<group>"; };
		6E8E44EF1B675E73006C45F5 /* Images.xcassets */ = {isa = PBXFileReference; lastKnownFileType = folder.assetcatalog; path = Images.xcassets; sourceTree = "<group>"; };
		6E8E44F21B675E73006C45F5 /* Base */ = {isa = PBXFileReference; lastKnownFileType = file.xib; name = Base; path = Base.lproj/LaunchScreen.xib; sourceTree = "<group>"; };
		6E8E44FD1B675E73006C45F5 /* Info.plist */ = {isa = PBXFileReference; lastKnownFileType = text.plist.xml; path = Info.plist; sourceTree = "<group>"; };
		6E8E44FE1B675E73006C45F5 /* VisualTestingsTests.m */ = {isa = PBXFileReference; lastKnownFileType = sourcecode.c.objc; path = VisualTestingsTests.m; sourceTree = "<group>"; };
		6E8E45081B67AAE2006C45F5 /* GradientLayer.h */ = {isa = PBXFileReference; fileEncoding = 4; lastKnownFileType = sourcecode.c.h; path = GradientLayer.h; sourceTree = "<group>"; };
		6E8E45091B67AAE2006C45F5 /* GradientLayer.m */ = {isa = PBXFileReference; fileEncoding = 4; lastKnownFileType = sourcecode.c.objc; path = GradientLayer.m; sourceTree = "<group>"; };
		6E8E450B1B68A68E006C45F5 /* CorneredView.h */ = {isa = PBXFileReference; fileEncoding = 4; lastKnownFileType = sourcecode.c.h; path = CorneredView.h; sourceTree = "<group>"; };
		6E8E450C1B68A68E006C45F5 /* CorneredView.m */ = {isa = PBXFileReference; fileEncoding = 4; lastKnownFileType = sourcecode.c.objc; path = CorneredView.m; sourceTree = "<group>"; };
/* End PBXFileReference section */

/* Begin PBXFrameworksBuildPhase section */
		6E8E44D91B675E72006C45F5 /* Frameworks */ = {
			isa = PBXFrameworksBuildPhase;
			buildActionMask = 2147483647;
			files = (
			);
			runOnlyForDeploymentPostprocessing = 0;
		};
/* End PBXFrameworksBuildPhase section */

/* Begin PBXGroup section */
		6E6094701B69F89B0018DB0E /* SimpleTimer */ = {
			isa = PBXGroup;
			children = (
				6E6094711B69F8F60018DB0E /* SimpleTimer.h */,
				6E6094721B69F8F60018DB0E /* SimpleTimer.m */,
			);
			name = SimpleTimer;
			sourceTree = "<group>";
		};
		6E6094751B6A22600018DB0E /* RuntimeTests */ = {
			isa = PBXGroup;
			children = (
				6E6094761B6A229B0018DB0E /* RuntimeTests.h */,
				6E6094771B6A229B0018DB0E /* RuntimeTests.m */,
			);
			name = RuntimeTests;
			sourceTree = "<group>";
		};
		6E8E44D31B675E72006C45F5 = {
			isa = PBXGroup;
			children = (
				6E8E44DE1B675E73006C45F5 /* VisualTestings */,
				6E8E44FB1B675E73006C45F5 /* VisualTestingsTests */,
				6E8E44DD1B675E73006C45F5 /* Products */,
			);
			sourceTree = "<group>";
		};
		6E8E44DD1B675E73006C45F5 /* Products */ = {
			isa = PBXGroup;
			children = (
				6E8E44DC1B675E73006C45F5 /* VisualTestings.app */,
			);
			name = Products;
			sourceTree = "<group>";
		};
		6E8E44DE1B675E73006C45F5 /* VisualTestings */ = {
			isa = PBXGroup;
			children = (
				6E6094751B6A22600018DB0E /* RuntimeTests */,
				6E6094701B69F89B0018DB0E /* SimpleTimer */,
				6E8E44E31B675E73006C45F5 /* AppDelegate.h */,
				6E8E45081B67AAE2006C45F5 /* GradientLayer.h */,
				6E8E45091B67AAE2006C45F5 /* GradientLayer.m */,
				6E8E44E41B675E73006C45F5 /* AppDelegate.m */,
				6E8E44E91B675E73006C45F5 /* ViewController.h */,
				6E8E44EA1B675E73006C45F5 /* ViewController.m */,
				6E8E44EC1B675E73006C45F5 /* Main.storyboard */,
				6E8E44EF1B675E73006C45F5 /* Images.xcassets */,
				6E8E44F11B675E73006C45F5 /* LaunchScreen.xib */,
				6E8E44E61B675E73006C45F5 /* VisualTestings.xcdatamodeld */,
				6E8E44DF1B675E73006C45F5 /* Supporting Files */,
				6E8E450B1B68A68E006C45F5 /* CorneredView.h */,
				6E8E450C1B68A68E006C45F5 /* CorneredView.m */,
			);
			path = VisualTestings;
			sourceTree = "<group>";
		};
		6E8E44DF1B675E73006C45F5 /* Supporting Files */ = {
			isa = PBXGroup;
			children = (
				6E8E44E01B675E73006C45F5 /* Info.plist */,
				6E8E44E11B675E73006C45F5 /* main.m */,
			);
			name = "Supporting Files";
			sourceTree = "<group>";
		};
		6E8E44FB1B675E73006C45F5 /* VisualTestingsTests */ = {
			isa = PBXGroup;
			children = (
				6E8E44FE1B675E73006C45F5 /* VisualTestingsTests.m */,
				6E8E44FC1B675E73006C45F5 /* Supporting Files */,
			);
			path = VisualTestingsTests;
			sourceTree = "<group>";
		};
		6E8E44FC1B675E73006C45F5 /* Supporting Files */ = {
			isa = PBXGroup;
			children = (
				6E8E44FD1B675E73006C45F5 /* Info.plist */,
			);
			name = "Supporting Files";
			sourceTree = "<group>";
		};
/* End PBXGroup section */

/* Begin PBXNativeTarget section */
		6E8E44DB1B675E72006C45F5 /* VisualTestings */ = {
			isa = PBXNativeTarget;
			buildConfigurationList = 6E8E45021B675E73006C45F5 /* Build configuration list for PBXNativeTarget "VisualTestings" */;
			buildPhases = (
				6E8E44D81B675E72006C45F5 /* Sources */,
				6E8E44D91B675E72006C45F5 /* Frameworks */,
				6E8E44DA1B675E72006C45F5 /* Resources */,
			);
			buildRules = (
			);
			dependencies = (
			);
			name = VisualTestings;
			productName = VisualTestings;
			productReference = 6E8E44DC1B675E73006C45F5 /* VisualTestings.app */;
			productType = "com.apple.product-type.application";
		};
/* End PBXNativeTarget section */

/* Begin PBXProject section */
		6E8E44D41B675E72006C45F5 /* Project object */ = {
			isa = PBXProject;
			attributes = {
				LastUpgradeCheck = 0630;
				ORGANIZATIONNAME = "Vladica Pesic";
				TargetAttributes = {
					6E8E44DB1B675E72006C45F5 = {
						CreatedOnToolsVersion = 6.3.2;
						DevelopmentTeam = EL3G87RG88;
					};
				};
			};
			buildConfigurationList = 6E8E44D71B675E72006C45F5 /* Build configuration list for PBXProject "VisualTestings" */;
			compatibilityVersion = "Xcode 3.2";
			developmentRegion = English;
			hasScannedForEncodings = 0;
			knownRegions = (
				en,
				Base,
			);
			mainGroup = 6E8E44D31B675E72006C45F5;
			productRefGroup = 6E8E44DD1B675E73006C45F5 /* Products */;
			projectDirPath = "";
			projectRoot = "";
			targets = (
				6E8E44DB1B675E72006C45F5 /* VisualTestings */,
			);
		};
/* End PBXProject section */

/* Begin PBXResourcesBuildPhase section */
		6E8E44DA1B675E72006C45F5 /* Resources */ = {
			isa = PBXResourcesBuildPhase;
			buildActionMask = 2147483647;
			files = (
				6E8E44EE1B675E73006C45F5 /* Main.storyboard in Resources */,
				6E8E44F31B675E73006C45F5 /* LaunchScreen.xib in Resources */,
				6E8E44F01B675E73006C45F5 /* Images.xcassets in Resources */,
			);
			runOnlyForDeploymentPostprocessing = 0;
		};
/* End PBXResourcesBuildPhase section */

/* Begin PBXSourcesBuildPhase section */
		6E8E44D81B675E72006C45F5 /* Sources */ = {
			isa = PBXSourcesBuildPhase;
			buildActionMask = 2147483647;
			files = (
				6E6094781B6A229B0018DB0E /* RuntimeTests.m in Sources */,
				6E8E450D1B68A68E006C45F5 /* CorneredView.m in Sources */,
				6E8E44E51B675E73006C45F5 /* AppDelegate.m in Sources */,
				6E8E450A1B67AAE2006C45F5 /* GradientLayer.m in Sources */,
				6E8E44E81B675E73006C45F5 /* VisualTestings.xcdatamodeld in Sources */,
				6E8E44EB1B675E73006C45F5 /* ViewController.m in Sources */,
				6E6094731B69F8F60018DB0E /* SimpleTimer.m in Sources */,
				6E8E44E21B675E73006C45F5 /* main.m in Sources */,
			);
			runOnlyForDeploymentPostprocessing = 0;
		};
/* End PBXSourcesBuildPhase section */

/* Begin PBXVariantGroup section */
		6E8E44EC1B675E73006C45F5 /* Main.storyboard */ = {
			isa = PBXVariantGroup;
			children = (
				6E8E44ED1B675E73006C45F5 /* Base */,
			);
			name = Main.storyboard;
			sourceTree = "<group>";
		};
		6E8E44F11B675E73006C45F5 /* LaunchScreen.xib */ = {
			isa = PBXVariantGroup;
			children = (
				6E8E44F21B675E73006C45F5 /* Base */,
			);
			name = LaunchScreen.xib;
			sourceTree = "<group>";
		};
/* End PBXVariantGroup section */

/* Begin XCBuildConfiguration section */
		6E8E45001B675E73006C45F5 /* Debug */ = {
			isa = XCBuildConfiguration;
			buildSettings = {
				ALWAYS_SEARCH_USER_PATHS = NO;
				CLANG_CXX_LANGUAGE_STANDARD = "gnu++0x";
				CLANG_CXX_LIBRARY = "libc++";
				CLANG_ENABLE_MODULES = YES;
				CLANG_ENABLE_OBJC_ARC = YES;
				CLANG_WARN_BOOL_CONVERSION = YES;
				CLANG_WARN_CONSTANT_CONVERSION = YES;
				CLANG_WARN_DIRECT_OBJC_ISA_USAGE = YES_ERROR;
				CLANG_WARN_EMPTY_BODY = YES;
				CLANG_WARN_ENUM_CONVERSION = YES;
				CLANG_WARN_INT_CONVERSION = YES;
				CLANG_WARN_OBJC_ROOT_CLASS = YES_ERROR;
				CLANG_WARN_UNREACHABLE_CODE = YES;
				CLANG_WARN__DUPLICATE_METHOD_MATCH = YES;
				CODE_SIGN_IDENTITY = "iPhone Developer";
				"CODE_SIGN_IDENTITY[sdk=iphoneos*]" = "iPhone Developer";
				COPY_PHASE_STRIP = NO;
				DEBUG_INFORMATION_FORMAT = "dwarf-with-dsym";
				ENABLE_STRICT_OBJC_MSGSEND = YES;
				GCC_C_LANGUAGE_STANDARD = gnu99;
				GCC_DYNAMIC_NO_PIC = NO;
				GCC_NO_COMMON_BLOCKS = YES;
				GCC_OPTIMIZATION_LEVEL = 0;
				GCC_PREPROCESSOR_DEFINITIONS = (
					"DEBUG=1",
					"$(inherited)",
				);
				GCC_SYMBOLS_PRIVATE_EXTERN = NO;
				GCC_WARN_64_TO_32_BIT_CONVERSION = YES;
				GCC_WARN_ABOUT_RETURN_TYPE = YES_ERROR;
				GCC_WARN_UNDECLARED_SELECTOR = YES;
				GCC_WARN_UNINITIALIZED_AUTOS = YES_AGGRESSIVE;
				GCC_WARN_UNUSED_FUNCTION = YES;
				GCC_WARN_UNUSED_VARIABLE = YES;
				IPHONEOS_DEPLOYMENT_TARGET = 8.3;
				MTL_ENABLE_DEBUG_INFO = YES;
				ONLY_ACTIVE_ARCH = YES;
				PROVISIONING_PROFILE = "";
				SDKROOT = iphoneos;
			};
			name = Debug;
		};
		6E8E45011B675E73006C45F5 /* Release */ = {
			isa = XCBuildConfiguration;
			buildSettings = {
				ALWAYS_SEARCH_USER_PATHS = NO;
				CLANG_CXX_LANGUAGE_STANDARD = "gnu++0x";
				CLANG_CXX_LIBRARY = "libc++";
				CLANG_ENABLE_MODULES = YES;
				CLANG_ENABLE_OBJC_ARC = YES;
				CLANG_WARN_BOOL_CONVERSION = YES;
				CLANG_WARN_CONSTANT_CONVERSION = YES;
				CLANG_WARN_DIRECT_OBJC_ISA_USAGE = YES_ERROR;
				CLANG_WARN_EMPTY_BODY = YES;
				CLANG_WARN_ENUM_CONVERSION = YES;
				CLANG_WARN_INT_CONVERSION = YES;
				CLANG_WARN_OBJC_ROOT_CLASS = YES_ERROR;
				CLANG_WARN_UNREACHABLE_CODE = YES;
				CLANG_WARN__DUPLICATE_METHOD_MATCH = YES;
				CODE_SIGN_IDENTITY = "iPhone Distribution";
				"CODE_SIGN_IDENTITY[sdk=iphoneos*]" = "iPhone Distribution";
				COPY_PHASE_STRIP = NO;
				DEBUG_INFORMATION_FORMAT = "dwarf-with-dsym";
				ENABLE_NS_ASSERTIONS = NO;
				ENABLE_STRICT_OBJC_MSGSEND = YES;
				GCC_C_LANGUAGE_STANDARD = gnu99;
				GCC_NO_COMMON_BLOCKS = YES;
				GCC_WARN_64_TO_32_BIT_CONVERSION = YES;
				GCC_WARN_ABOUT_RETURN_TYPE = YES_ERROR;
				GCC_WARN_UNDECLARED_SELECTOR = YES;
				GCC_WARN_UNINITIALIZED_AUTOS = YES_AGGRESSIVE;
				GCC_WARN_UNUSED_FUNCTION = YES;
				GCC_WARN_UNUSED_VARIABLE = YES;
				IPHONEOS_DEPLOYMENT_TARGET = 8.3;
				MTL_ENABLE_DEBUG_INFO = NO;
				PROVISIONING_PROFILE = "cc12df8c-18a3-4a77-9422-7ac84e68b03b";
				SDKROOT = iphoneos;
				VALIDATE_PRODUCT = YES;
			};
			name = Release;
		};
		6E8E45031B675E73006C45F5 /* Debug */ = {
			isa = XCBuildConfiguration;
			buildSettings = {
				ASSETCATALOG_COMPILER_APPICON_NAME = AppIcon;
				CODE_SIGN_IDENTITY = "iPhone Developer";
				"CODE_SIGN_IDENTITY[sdk=iphoneos*]" = "iPhone Developer";
				INFOPLIST_FILE = VisualTestings/Info.plist;
				IPHONEOS_DEPLOYMENT_TARGET = 8.1;
				LD_RUNPATH_SEARCH_PATHS = "$(inherited) @executable_path/Frameworks";
				PRODUCT_NAME = "$(TARGET_NAME)";
				PROVISIONING_PROFILE = "";
			};
			name = Debug;
		};
		6E8E45041B675E73006C45F5 /* Release */ = {
			isa = XCBuildConfiguration;
			buildSettings = {
				ASSETCATALOG_COMPILER_APPICON_NAME = AppIcon;
				CODE_SIGN_IDENTITY = "iPhone Distribution: HIGH TECH ENGINEERING CENTER d.o.o (EL3G87RG88)";
				INFOPLIST_FILE = VisualTestings/Info.plist;
				IPHONEOS_DEPLOYMENT_TARGET = 8.1;
				LD_RUNPATH_SEARCH_PATHS = "$(inherited) @executable_path/Frameworks";
				PRODUCT_NAME = "$(TARGET_NAME)";
				PROVISIONING_PROFILE = "cc12df8c-18a3-4a77-9422-7ac84e68b03b";
			};
			name = Release;
		};
/* End XCBuildConfiguration section */

/* Begin XCConfigurationList section */
		6E8E44D71B675E72006C45F5 /* Build configuration list for PBXProject "VisualTestings" */ = {
			isa = XCConfigurationList;
			buildConfigurations = (
				6E8E45001B675E73006C45F5 /* Debug */,
				6E8E45011B675E73006C45F5 /* Release */,
			);
			defaultConfigurationIsVisible = 0;
			defaultConfigurationName = Release;
		};
		6E8E45021B675E73006C45F5 /* Build configuration list for PBXNativeTarget "VisualTestings" */ = {
			isa = XCConfigurationList;
			buildConfigurations = (
				6E8E45031B675E73006C45F5 /* Debug */,
				6E8E45041B675E73006C45F5 /* Release */,
			);
			defaultConfigurationIsVisible = 0;
			defaultConfigurationName = Release;
		};
/* End XCConfigurationList section */

/* Begin XCVersionGroup section */
		6E8E44E61B675E73006C45F5 /* VisualTestings.xcdatamodeld */ = {
			isa = XCVersionGroup;
			children = (
				6E8E44E71B675E73006C45F5 /* VisualTestings.xcdatamodel */,
			);
			currentVersion = 6E8E44E71B675E73006C45F5 /* VisualTestings.xcdatamodel */;
			path = VisualTestings.xcdatamodeld;
			sourceTree = "<group>";
			versionGroupType = wrapper.xcdatamodel;
		};
/* End XCVersionGroup section */
	};
	rootObject = 6E8E44D41B675E72006C45F5 /* Project object */;
}
